
Microsoft Visual Studio Solution File, Format Version 12.00
# Visual Studio Version 17
VisualStudioVersion = 17.9.34607.119
MinimumVisualStudioVersion = 10.0.40219.1
Project("{FAE04EC0-301F-11D3-BF4B-00C04F79EFBC}") = "HangfireAPI", "HangfireAPI.csproj", "{AB35366D-6395-4B10-8B02-30F7C65311F9}"
EndProject
Global
	GlobalSection(SolutionConfigurationPlatforms) = preSolution
		Debug|Any CPU = Debug|Any CPU
		Release|Any CPU = Release|Any CPU
	EndGlobalSection
	GlobalSection(ProjectConfigurationPlatforms) = postSolution
		{AB35366D-6395-4B10-8B02-30F7C65311F9}.Debug|Any CPU.ActiveCfg = Debug|Any CPU
		{AB35366D-6395-4B10-8B02-30F7C65311F9}.Debug|Any CPU.Build.0 = Debug|Any CPU
		{AB35366D-6395-4B10-8B02-30F7C65311F9}.Release|Any CPU.ActiveCfg = Release|Any CPU
		{AB35366D-6395-4B10-8B02-30F7C65311F9}.Release|Any CPU.Build.0 = Release|Any CPU
	EndGlobalSection
	GlobalSection(SolutionProperties) = preSolution
		HideSolutionNode = FALSE
	EndGlobalSection
	GlobalSection(ExtensibilityGlobals) = postSolution
		SolutionGuid = {83B679E2-7EF6-4FEB-A1F1-8E0DC18BACF6}
	EndGlobalSection
EndGlobal
